
Microsoft Visual Studio Solution File, Format Version 12.00
# Visual Studio Version 16
VisualStudioVersion = 16.0.28721.148
MinimumVisualStudioVersion = 10.0.40219.1
Project("{FAE04EC0-301F-11D3-BF4B-00C04F79EFBC}") = "dotnet-core-host-builder-demo", "dotnet-core-host-builder-demo\dotnet-core-host-builder-demo.csproj", "{43529F9B-ADFA-4315-A027-8A48E55CCB49}"
EndProject
Global
	GlobalSection(SolutionConfigurationPlatforms) = preSolution
		Debug|Any CPU = Debug|Any CPU
		Release|Any CPU = Release|Any CPU
	EndGlobalSection
	GlobalSection(ProjectConfigurationPlatforms) = postSolution
		{43529F9B-ADFA-4315-A027-8A48E55CCB49}.Debug|Any CPU.ActiveCfg = Debug|Any CPU
		{43529F9B-ADFA-4315-A027-8A48E55CCB49}.Debug|Any CPU.Build.0 = Debug|Any CPU
		{43529F9B-ADFA-4315-A027-8A48E55CCB49}.Release|Any CPU.ActiveCfg = Release|Any CPU
		{43529F9B-ADFA-4315-A027-8A48E55CCB49}.Release|Any CPU.Build.0 = Release|Any CPU
	EndGlobalSection
	GlobalSection(SolutionProperties) = preSolution
		HideSolutionNode = FALSE
	EndGlobalSection
	GlobalSection(ExtensibilityGlobals) = postSolution
		SolutionGuid = {A7E9EECB-F7DF-49A5-BB99-315817752966}
	EndGlobalSection
EndGlobal
